// !$*UTF8*$!
{
	archiveVersion = 1;
	classes = {
	};
	objectVersion = 50;
	objects = {

/* Begin PBXBuildFile section */
		256C16F72177D5A200A80BBF /* AppDelegate.swift in Sources */ = {isa = PBXBuildFile; fileRef = 256C16F62177D5A200A80BBF /* AppDelegate.swift */; };
		256C16FE2177D5A300A80BBF /* Assets.xcassets in Resources */ = {isa = PBXBuildFile; fileRef = 256C16FD2177D5A300A80BBF /* Assets.xcassets */; };
		256C17012177D5A300A80BBF /* LaunchScreen.storyboard in Resources */ = {isa = PBXBuildFile; fileRef = 256C16FF2177D5A300A80BBF /* LaunchScreen.storyboard */; };
		256C17092177D84600A80BBF /* HomeController.swift in Sources */ = {isa = PBXBuildFile; fileRef = 256C17082177D84600A80BBF /* HomeController.swift */; };
		25F1B5872177E91D0061DC5F /* HomeDatasourceController.swift in Sources */ = {isa = PBXBuildFile; fileRef = 25F1B5862177E91D0061DC5F /* HomeDatasourceController.swift */; };
		25F1B58C2177F21B0061DC5F /* Cells.swift in Sources */ = {isa = PBXBuildFile; fileRef = 25F1B58B2177F21B0061DC5F /* Cells.swift */; };
		25F1B58E2177F27D0061DC5F /* HomeDataSource.swift in Sources */ = {isa = PBXBuildFile; fileRef = 25F1B58D2177F27D0061DC5F /* HomeDataSource.swift */; };
		88A17BA366314E8244F36439 /* Pods_Collabo.framework in Frameworks */ = {isa = PBXBuildFile; fileRef = B1E7A372BA4FAEE5F8AEE588 /* Pods_Collabo.framework */; };
/* End PBXBuildFile section */

/* Begin PBXFileReference section */
		256C16F32177D5A200A80BBF /* Collabo.app */ = {isa = PBXFileReference; explicitFileType = wrapper.application; includeInIndex = 0; path = Collabo.app; sourceTree = BUILT_PRODUCTS_DIR; };
		256C16F62177D5A200A80BBF /* AppDelegate.swift */ = {isa = PBXFileReference; lastKnownFileType = sourcecode.swift; path = AppDelegate.swift; sourceTree = "<group>"; };
		256C16FD2177D5A300A80BBF /* Assets.xcassets */ = {isa = PBXFileReference; lastKnownFileType = folder.assetcatalog; path = Assets.xcassets; sourceTree = "<group>"; };
		256C17002177D5A300A80BBF /* Base */ = {isa = PBXFileReference; lastKnownFileType = file.storyboard; name = Base; path = Base.lproj/LaunchScreen.storyboard; sourceTree = "<group>"; };
		256C17022177D5A300A80BBF /* Info.plist */ = {isa = PBXFileReference; lastKnownFileType = text.plist.xml; path = Info.plist; sourceTree = "<group>"; };
		256C17082177D84600A80BBF /* HomeController.swift */ = {isa = PBXFileReference; lastKnownFileType = sourcecode.swift; path = HomeController.swift; sourceTree = "<group>"; };
		25F1B5862177E91D0061DC5F /* HomeDatasourceController.swift */ = {isa = PBXFileReference; lastKnownFileType = sourcecode.swift; path = HomeDatasourceController.swift; sourceTree = "<group>"; };
		25F1B58B2177F21B0061DC5F /* Cells.swift */ = {isa = PBXFileReference; lastKnownFileType = sourcecode.swift; path = Cells.swift; sourceTree = "<group>"; };
		25F1B58D2177F27D0061DC5F /* HomeDataSource.swift */ = {isa = PBXFileReference; lastKnownFileType = sourcecode.swift; path = HomeDataSource.swift; sourceTree = "<group>"; };
		59E8F5689BCF9ED75127848C /* Pods-Collabo.release.xcconfig */ = {isa = PBXFileReference; includeInIndex = 1; lastKnownFileType = text.xcconfig; name = "Pods-Collabo.release.xcconfig"; path = "Pods/Target Support Files/Pods-Collabo/Pods-Collabo.release.xcconfig"; sourceTree = "<group>"; };
		7CFF259034DFE91BC844646A /* Pods-Collabo.debug.xcconfig */ = {isa = PBXFileReference; includeInIndex = 1; lastKnownFileType = text.xcconfig; name = "Pods-Collabo.debug.xcconfig"; path = "Pods/Target Support Files/Pods-Collabo/Pods-Collabo.debug.xcconfig"; sourceTree = "<group>"; };
		B1E7A372BA4FAEE5F8AEE588 /* Pods_Collabo.framework */ = {isa = PBXFileReference; explicitFileType = wrapper.framework; includeInIndex = 0; path = Pods_Collabo.framework; sourceTree = BUILT_PRODUCTS_DIR; };
/* End PBXFileReference section */

/* Begin PBXFrameworksBuildPhase section */
		256C16F02177D5A200A80BBF /* Frameworks */ = {
			isa = PBXFrameworksBuildPhase;
			buildActionMask = 2147483647;
			files = (
				88A17BA366314E8244F36439 /* Pods_Collabo.framework in Frameworks */,
			);
			runOnlyForDeploymentPostprocessing = 0;
		};
/* End PBXFrameworksBuildPhase section */

/* Begin PBXGroup section */
		256C16EA2177D5A200A80BBF = {
			isa = PBXGroup;
			children = (
				256C16F52177D5A200A80BBF /* Collabo */,
				256C16F42177D5A200A80BBF /* Products */,
				B834CE9D4D51DA0054F1F6BC /* Pods */,
				B1AFD3297C7554F33FE3BFA3 /* Frameworks */,
			);
			sourceTree = "<group>";
		};
		256C16F42177D5A200A80BBF /* Products */ = {
			isa = PBXGroup;
			children = (
				256C16F32177D5A200A80BBF /* Collabo.app */,
			);
			name = Products;
			sourceTree = "<group>";
		};
		256C16F52177D5A200A80BBF /* Collabo */ = {
			isa = PBXGroup;
			children = (
				25F1B5882177F1910061DC5F /* Model */,
				25F1B58A2177F19F0061DC5F /* Controller */,
				25F1B5892177F1990061DC5F /* View */,
				256C16FF2177D5A300A80BBF /* LaunchScreen.storyboard */,
				256C16FD2177D5A300A80BBF /* Assets.xcassets */,
				256C17022177D5A300A80BBF /* Info.plist */,
			);
			path = Collabo;
			sourceTree = "<group>";
		};
		25F1B5882177F1910061DC5F /* Model */ = {
			isa = PBXGroup;
			children = (
				256C16F62177D5A200A80BBF /* AppDelegate.swift */,
				25F1B58D2177F27D0061DC5F /* HomeDataSource.swift */,
			);
			path = Model;
			sourceTree = "<group>";
		};
		25F1B5892177F1990061DC5F /* View */ = {
			isa = PBXGroup;
			children = (
				25F1B58B2177F21B0061DC5F /* Cells.swift */,
			);
			path = View;
			sourceTree = "<group>";
		};
		25F1B58A2177F19F0061DC5F /* Controller */ = {
			isa = PBXGroup;
			children = (
				256C17082177D84600A80BBF /* HomeController.swift */,
				25F1B5862177E91D0061DC5F /* HomeDatasourceController.swift */,
			);
			path = Controller;
			sourceTree = "<group>";
		};
		B1AFD3297C7554F33FE3BFA3 /* Frameworks */ = {
			isa = PBXGroup;
			children = (
				B1E7A372BA4FAEE5F8AEE588 /* Pods_Collabo.framework */,
			);
			name = Frameworks;
			sourceTree = "<group>";
		};
		B834CE9D4D51DA0054F1F6BC /* Pods */ = {
			isa = PBXGroup;
			children = (
				7CFF259034DFE91BC844646A /* Pods-Collabo.debug.xcconfig */,
				59E8F5689BCF9ED75127848C /* Pods-Collabo.release.xcconfig */,
			);
			name = Pods;
			sourceTree = "<group>";
		};
/* End PBXGroup section */

/* Begin PBXNativeTarget section */
		256C16F22177D5A200A80BBF /* Collabo */ = {
			isa = PBXNativeTarget;
			buildConfigurationList = 256C17052177D5A300A80BBF /* Build configuration list for PBXNativeTarget "Collabo" */;
			buildPhases = (
				2567B84BBA23F407BBCF31CA /* [CP] Check Pods Manifest.lock */,
				256C16EF2177D5A200A80BBF /* Sources */,
				256C16F02177D5A200A80BBF /* Frameworks */,
				256C16F12177D5A200A80BBF /* Resources */,
				65C69B0951D8F6EB8B55CC7C /* [CP] Embed Pods Frameworks */,
			);
			buildRules = (
			);
			dependencies = (
			);
			name = Collabo;
			productName = Collabo;
			productReference = 256C16F32177D5A200A80BBF /* Collabo.app */;
			productType = "com.apple.product-type.application";
		};
/* End PBXNativeTarget section */

/* Begin PBXProject section */
		256C16EB2177D5A200A80BBF /* Project object */ = {
			isa = PBXProject;
			attributes = {
				LastSwiftUpdateCheck = 1000;
				LastUpgradeCheck = 1000;
				ORGANIZATIONNAME = "Kyla ";
				TargetAttributes = {
					256C16F22177D5A200A80BBF = {
						CreatedOnToolsVersion = 10.0;
					};
				};
			};
			buildConfigurationList = 256C16EE2177D5A200A80BBF /* Build configuration list for PBXProject "Collabo" */;
			compatibilityVersion = "Xcode 9.3";
			developmentRegion = en;
			hasScannedForEncodings = 0;
			knownRegions = (
				en,
				Base,
			);
			mainGroup = 256C16EA2177D5A200A80BBF;
			productRefGroup = 256C16F42177D5A200A80BBF /* Products */;
			projectDirPath = "";
			projectRoot = "";
			targets = (
				256C16F22177D5A200A80BBF /* Collabo */,
			);
		};
/* End PBXProject section */

/* Begin PBXResourcesBuildPhase section */
		256C16F12177D5A200A80BBF /* Resources */ = {
			isa = PBXResourcesBuildPhase;
			buildActionMask = 2147483647;
			files = (
				256C17012177D5A300A80BBF /* LaunchScreen.storyboard in Resources */,
				256C16FE2177D5A300A80BBF /* Assets.xcassets in Resources */,
			);
			runOnlyForDeploymentPostprocessing = 0;
		};
/* End PBXResourcesBuildPhase section */

/* Begin PBXShellScriptBuildPhase section */
		2567B84BBA23F407BBCF31CA /* [CP] Check Pods Manifest.lock */ = {
			isa = PBXShellScriptBuildPhase;
			buildActionMask = 2147483647;
			files = (
			);
			inputPaths = (
				"${PODS_PODFILE_DIR_PATH}/Podfile.lock",
				"${PODS_ROOT}/Manifest.lock",
			);
			name = "[CP] Check Pods Manifest.lock";
			outputPaths = (
				"$(DERIVED_FILE_DIR)/Pods-Collabo-checkManifestLockResult.txt",
			);
			runOnlyForDeploymentPostprocessing = 0;
			shellPath = /bin/sh;
			shellScript = "diff \"${PODS_PODFILE_DIR_PATH}/Podfile.lock\" \"${PODS_ROOT}/Manifest.lock\" > /dev/null\nif [ $? != 0 ] ; then\n    # print error to STDERR\n    echo \"error: The sandbox is not in sync with the Podfile.lock. Run 'pod install' or update your CocoaPods installation.\" >&2\n    exit 1\nfi\n# This output is used by Xcode 'outputs' to avoid re-running this script phase.\necho \"SUCCESS\" > \"${SCRIPT_OUTPUT_FILE_0}\"\n";
			showEnvVarsInLog = 0;
		};
		65C69B0951D8F6EB8B55CC7C /* [CP] Embed Pods Frameworks */ = {
			isa = PBXShellScriptBuildPhase;
			buildActionMask = 2147483647;
			files = (
			);
			inputPaths = (
				"${SRCROOT}/Pods/Target Support Files/Pods-Collabo/Pods-Collabo-frameworks.sh",
				"${BUILT_PRODUCTS_DIR}/LBTAComponents/LBTAComponents.framework",
			);
			name = "[CP] Embed Pods Frameworks";
			outputPaths = (
				"${TARGET_BUILD_DIR}/${FRAMEWORKS_FOLDER_PATH}/LBTAComponents.framework",
			);
			runOnlyForDeploymentPostprocessing = 0;
			shellPath = /bin/sh;
			shellScript = "\"${SRCROOT}/Pods/Target Support Files/Pods-Collabo/Pods-Collabo-frameworks.sh\"\n";
			showEnvVarsInLog = 0;
		};
/* End PBXShellScriptBuildPhase section */

/* Begin PBXSourcesBuildPhase section */
		256C16EF2177D5A200A80BBF /* Sources */ = {
			isa = PBXSourcesBuildPhase;
			buildActionMask = 2147483647;
			files = (
				25F1B58E2177F27D0061DC5F /* HomeDataSource.swift in Sources */,
				256C16F72177D5A200A80BBF /* AppDelegate.swift in Sources */,
				25F1B58C2177F21B0061DC5F /* Cells.swift in Sources */,
				25F1B5872177E91D0061DC5F /* HomeDatasourceController.swift in Sources */,
				256C17092177D84600A80BBF /* HomeController.swift in Sources */,
			);
			runOnlyForDeploymentPostprocessing = 0;
		};
/* End PBXSourcesBuildPhase section */

/* Begin PBXVariantGroup section */
		256C16FF2177D5A300A80BBF /* LaunchScreen.storyboard */ = {
			isa = PBXVariantGroup;
			children = (
				256C17002177D5A300A80BBF /* Base */,
			);
			name = LaunchScreen.storyboard;
			sourceTree = "<group>";
		};
/* End PBXVariantGroup section */

/* Begin XCBuildConfiguration section */
		256C17032177D5A300A80BBF /* Debug */ = {
			isa = XCBuildConfiguration;
			buildSettings = {
				ALWAYS_SEARCH_USER_PATHS = NO;
				CLANG_ANALYZER_NONNULL = YES;
				CLANG_ANALYZER_NUMBER_OBJECT_CONVERSION = YES_AGGRESSIVE;
				CLANG_CXX_LANGUAGE_STANDARD = "gnu++14";
				CLANG_CXX_LIBRARY = "libc++";
				CLANG_ENABLE_MODULES = YES;
				CLANG_ENABLE_OBJC_ARC = YES;
				CLANG_ENABLE_OBJC_WEAK = YES;
				CLANG_WARN_BLOCK_CAPTURE_AUTORELEASING = YES;
				CLANG_WARN_BOOL_CONVERSION = YES;
				CLANG_WARN_COMMA = YES;
				CLANG_WARN_CONSTANT_CONVERSION = YES;
				CLANG_WARN_DEPRECATED_OBJC_IMPLEMENTATIONS = YES;
				CLANG_WARN_DIRECT_OBJC_ISA_USAGE = YES_ERROR;
				CLANG_WARN_DOCUMENTATION_COMMENTS = YES;
				CLANG_WARN_EMPTY_BODY = YES;
				CLANG_WARN_ENUM_CONVERSION = YES;
				CLANG_WARN_INFINITE_RECURSION = YES;
				CLANG_WARN_INT_CONVERSION = YES;
				CLANG_WARN_NON_LITERAL_NULL_CONVERSION = YES;
				CLANG_WARN_OBJC_IMPLICIT_RETAIN_SELF = YES;
				CLANG_WARN_OBJC_LITERAL_CONVERSION = YES;
				CLANG_WARN_OBJC_ROOT_CLASS = YES_ERROR;
				CLANG_WARN_RANGE_LOOP_ANALYSIS = YES;
				CLANG_WARN_STRICT_PROTOTYPES = YES;
				CLANG_WARN_SUSPICIOUS_MOVE = YES;
				CLANG_WARN_UNGUARDED_AVAILABILITY = YES_AGGRESSIVE;
				CLANG_WARN_UNREACHABLE_CODE = YES;
				CLANG_WARN__DUPLICATE_METHOD_MATCH = YES;
				CODE_SIGN_IDENTITY = "iPhone Developer";
				COPY_PHASE_STRIP = NO;
				DEBUG_INFORMATION_FORMAT = dwarf;
				ENABLE_STRICT_OBJC_MSGSEND = YES;
				ENABLE_TESTABILITY = YES;
				GCC_C_LANGUAGE_STANDARD = gnu11;
				GCC_DYNAMIC_NO_PIC = NO;
				GCC_NO_COMMON_BLOCKS = YES;
				GCC_OPTIMIZATION_LEVEL = 0;
				GCC_PREPROCESSOR_DEFINITIONS = (
					"DEBUG=1",
					"$(inherited)",
				);
				GCC_WARN_64_TO_32_BIT_CONVERSION = YES;
				GCC_WARN_ABOUT_RETURN_TYPE = YES_ERROR;
				GCC_WARN_UNDECLARED_SELECTOR = YES;
				GCC_WARN_UNINITIALIZED_AUTOS = YES_AGGRESSIVE;
				GCC_WARN_UNUSED_FUNCTION = YES;
				GCC_WARN_UNUSED_VARIABLE = YES;
				IPHONEOS_DEPLOYMENT_TARGET = 12.0;
				MTL_ENABLE_DEBUG_INFO = INCLUDE_SOURCE;
				MTL_FAST_MATH = YES;
				ONLY_ACTIVE_ARCH = YES;
				SDKROOT = iphoneos;
				SWIFT_ACTIVE_COMPILATION_CONDITIONS = DEBUG;
				SWIFT_OPTIMIZATION_LEVEL = "-Onone";
			};
			name = Debug;
		};
		256C17042177D5A300A80BBF /* Release */ = {
			isa = XCBuildConfiguration;
			buildSettings = {
				ALWAYS_SEARCH_USER_PATHS = NO;
				CLANG_ANALYZER_NONNULL = YES;
				CLANG_ANALYZER_NUMBER_OBJECT_CONVERSION = YES_AGGRESSIVE;
				CLANG_CXX_LANGUAGE_STANDARD = "gnu++14";
				CLANG_CXX_LIBRARY = "libc++";
				CLANG_ENABLE_MODULES = YES;
				CLANG_ENABLE_OBJC_ARC = YES;
				CLANG_ENABLE_OBJC_WEAK = YES;
				CLANG_WARN_BLOCK_CAPTURE_AUTORELEASING = YES;
				CLANG_WARN_BOOL_CONVERSION = YES;
				CLANG_WARN_COMMA = YES;
				CLANG_WARN_CONSTANT_CONVERSION = YES;
				CLANG_WARN_DEPRECATED_OBJC_IMPLEMENTATIONS = YES;
				CLANG_WARN_DIRECT_OBJC_ISA_USAGE = YES_ERROR;
				CLANG_WARN_DOCUMENTATION_COMMENTS = YES;
				CLANG_WARN_EMPTY_BODY = YES;
				CLANG_WARN_ENUM_CONVERSION = YES;
				CLANG_WARN_INFINITE_RECURSION = YES;
				CLANG_WARN_INT_CONVERSION = YES;
				CLANG_WARN_NON_LITERAL_NULL_CONVERSION = YES;
				CLANG_WARN_OBJC_IMPLICIT_RETAIN_SELF = YES;
				CLANG_WARN_OBJC_LITERAL_CONVERSION = YES;
				CLANG_WARN_OBJC_ROOT_CLASS = YES_ERROR;
				CLANG_WARN_RANGE_LOOP_ANALYSIS = YES;
				CLANG_WARN_STRICT_PROTOTYPES = YES;
				CLANG_WARN_SUSPICIOUS_MOVE = YES;
				CLANG_WARN_UNGUARDED_AVAILABILITY = YES_AGGRESSIVE;
				CLANG_WARN_UNREACHABLE_CODE = YES;
				CLANG_WARN__DUPLICATE_METHOD_MATCH = YES;
				CODE_SIGN_IDENTITY = "iPhone Developer";
				COPY_PHASE_STRIP = NO;
				DEBUG_INFORMATION_FORMAT = "dwarf-with-dsym";
				ENABLE_NS_ASSERTIONS = NO;
				ENABLE_STRICT_OBJC_MSGSEND = YES;
				GCC_C_LANGUAGE_STANDARD = gnu11;
				GCC_NO_COMMON_BLOCKS = YES;
				GCC_WARN_64_TO_32_BIT_CONVERSION = YES;
				GCC_WARN_ABOUT_RETURN_TYPE = YES_ERROR;
				GCC_WARN_UNDECLARED_SELECTOR = YES;
				GCC_WARN_UNINITIALIZED_AUTOS = YES_AGGRESSIVE;
				GCC_WARN_UNUSED_FUNCTION = YES;
				GCC_WARN_UNUSED_VARIABLE = YES;
				IPHONEOS_DEPLOYMENT_TARGET = 12.0;
				MTL_ENABLE_DEBUG_INFO = NO;
				MTL_FAST_MATH = YES;
				SDKROOT = iphoneos;
				SWIFT_COMPILATION_MODE = wholemodule;
				SWIFT_OPTIMIZATION_LEVEL = "-O";
				VALIDATE_PRODUCT = YES;
			};
			name = Release;
		};
		256C17062177D5A300A80BBF /* Debug */ = {
			isa = XCBuildConfiguration;
			baseConfigurationReference = 7CFF259034DFE91BC844646A /* Pods-Collabo.debug.xcconfig */;
			buildSettings = {
				ASSETCATALOG_COMPILER_APPICON_NAME = AppIcon;
				CODE_SIGN_STYLE = Automatic;
				DEVELOPMENT_TEAM = 8457254V38;
				INFOPLIST_FILE = Collabo/Info.plist;
				LD_RUNPATH_SEARCH_PATHS = (
					"$(inherited)",
					"@executable_path/Frameworks",
				);
				PRODUCT_BUNDLE_IDENTIFIER = Kyla.Collabo;
				PRODUCT_NAME = "$(TARGET_NAME)";
				SWIFT_VERSION = 4.2;
				TARGETED_DEVICE_FAMILY = "1,2";
			};
			name = Debug;
		};
		256C17072177D5A300A80BBF /* Release */ = {
			isa = XCBuildConfiguration;
			baseConfigurationReference = 59E8F5689BCF9ED75127848C /* Pods-Collabo.release.xcconfig */;
			buildSettings = {
				ASSETCATALOG_COMPILER_APPICON_NAME = AppIcon;
				CODE_SIGN_STYLE = Automatic;
				DEVELOPMENT_TEAM = 8457254V38;
				INFOPLIST_FILE = Collabo/Info.plist;
				LD_RUNPATH_SEARCH_PATHS = (
					"$(inherited)",
					"@executable_path/Frameworks",
				);
				PRODUCT_BUNDLE_IDENTIFIER = Kyla.Collabo;
				PRODUCT_NAME = "$(TARGET_NAME)";
				SWIFT_VERSION = 4.2;
				TARGETED_DEVICE_FAMILY = "1,2";
			};
			name = Release;
		};
/* End XCBuildConfiguration section */

/* Begin XCConfigurationList section */
		256C16EE2177D5A200A80BBF /* Build configuration list for PBXProject "Collabo" */ = {
			isa = XCConfigurationList;
			buildConfigurations = (
				256C17032177D5A300A80BBF /* Debug */,
				256C17042177D5A300A80BBF /* Release */,
			);
			defaultConfigurationIsVisible = 0;
			defaultConfigurationName = Release;
		};
		256C17052177D5A300A80BBF /* Build configuration list for PBXNativeTarget "Collabo" */ = {
			isa = XCConfigurationList;
			buildConfigurations = (
				256C17062177D5A300A80BBF /* Debug */,
				256C17072177D5A300A80BBF /* Release */,
			);
			defaultConfigurationIsVisible = 0;
			defaultConfigurationName = Release;
		};
/* End XCConfigurationList section */
	};
	rootObject = 256C16EB2177D5A200A80BBF /* Project object */;
}
